
Microsoft Visual Studio Solution File, Format Version 12.00
# Visual Studio 15
VisualStudioVersion = 15.0.28307.1209
MinimumVisualStudioVersion = 10.0.40219.1
Project("{FAE04EC0-301F-11D3-BF4B-00C04F79EFBC}") = "FrameComparisonProcessor", "FrameComparisonProcessor\FrameComparisonProcessor.csproj", "{FF72E894-EC20-4AC2-A234-63D62B6F02F1}"
EndProject
Global
	GlobalSection(SolutionConfigurationPlatforms) = preSolution
		Debug|Any CPU = Debug|Any CPU
		Release|Any CPU = Release|Any CPU
	EndGlobalSection
	GlobalSection(ProjectConfigurationPlatforms) = postSolution
		{FF72E894-EC20-4AC2-A234-63D62B6F02F1}.Debug|Any CPU.ActiveCfg = Debug|Any CPU
		{FF72E894-EC20-4AC2-A234-63D62B6F02F1}.Debug|Any CPU.Build.0 = Debug|Any CPU
		{FF72E894-EC20-4AC2-A234-63D62B6F02F1}.Release|Any CPU.ActiveCfg = Release|Any CPU
		{FF72E894-EC20-4AC2-A234-63D62B6F02F1}.Release|Any CPU.Build.0 = Release|Any CPU
	EndGlobalSection
	GlobalSection(SolutionProperties) = preSolution
		HideSolutionNode = FALSE
	EndGlobalSection
	GlobalSection(ExtensibilityGlobals) = postSolution
		SolutionGuid = {018ED714-C73F-474E-8580-B0AF0BC7C5EB}
	EndGlobalSection
EndGlobal
